
Microsoft Visual Studio Solution File, Format Version 12.00
# Visual Studio Version 17
VisualStudioVersion = 17.14.36511.14 d17.14
MinimumVisualStudioVersion = 10.0.40219.1
Project("{FAE04EC0-301F-11D3-BF4B-00C04F79EFBC}") = "Bank", "Bank.csproj", "{390846CC-A9C0-453C-BCEC-1B524ADAEDFF}"
EndProject
Global
	GlobalSection(SolutionConfigurationPlatforms) = preSolution
		Debug|Any CPU = Debug|Any CPU
		Release|Any CPU = Release|Any CPU
	EndGlobalSection
	GlobalSection(ProjectConfigurationPlatforms) = postSolution
		{390846CC-A9C0-453C-BCEC-1B524ADAEDFF}.Debug|Any CPU.ActiveCfg = Debug|Any CPU
		{390846CC-A9C0-453C-BCEC-1B524ADAEDFF}.Debug|Any CPU.Build.0 = Debug|Any CPU
		{390846CC-A9C0-453C-BCEC-1B524ADAEDFF}.Release|Any CPU.ActiveCfg = Release|Any CPU
		{390846CC-A9C0-453C-BCEC-1B524ADAEDFF}.Release|Any CPU.Build.0 = Release|Any CPU
	EndGlobalSection
	GlobalSection(SolutionProperties) = preSolution
		HideSolutionNode = FALSE
	EndGlobalSection
	GlobalSection(ExtensibilityGlobals) = postSolution
		SolutionGuid = {F5D77634-AD9D-4481-8158-40C7DCB863F1}
	EndGlobalSection
EndGlobal
